{
  "requires": true,
  "lockfileVersion": 1,
  "dependencies": {
    "eslint-plugin-no-only-tests": {
      "version": "2.3.1",
      "resolved": "https://registry.npmjs.org/eslint-plugin-no-only-tests/-/eslint-plugin-no-only-tests-2.3.1.tgz",
      "integrity": "sha512-LzCzeQrlkNjEwUWEoGhfjz+Kgqe0080W6qC8I8eFwSMXIsr1zShuIQnRuSZc4Oi7k1vdUaNGDc+/GFvg6IHSHA==",
      "dev": true
    }
  }
}
